// !$*UTF8*$!
{
	archiveVersion = 1;
	classes = {
	};
	objectVersion = 46;
	objects = {

/* Begin PBXBuildFile section */
		15C1D55D1CEA577300F9F4C1 /* AppDelegate.swift in Sources */ = {isa = PBXBuildFile; fileRef = 15C1D55C1CEA577300F9F4C1 /* AppDelegate.swift */; };
		15C1D55F1CEA577400F9F4C1 /* ViewController.swift in Sources */ = {isa = PBXBuildFile; fileRef = 15C1D55E1CEA577400F9F4C1 /* ViewController.swift */; };
		15C1D5621CEA577400F9F4C1 /* Main.storyboard in Resources */ = {isa = PBXBuildFile; fileRef = 15C1D5601CEA577400F9F4C1 /* Main.storyboard */; };
		15C1D5641CEA577400F9F4C1 /* Assets.xcassets in Resources */ = {isa = PBXBuildFile; fileRef = 15C1D5631CEA577400F9F4C1 /* Assets.xcassets */; };
		15C1D5671CEA577400F9F4C1 /* LaunchScreen.storyboard in Resources */ = {isa = PBXBuildFile; fileRef = 15C1D5651CEA577400F9F4C1 /* LaunchScreen.storyboard */; };
		15C1D5721CEA577400F9F4C1 /* FlicksTests.swift in Sources */ = {isa = PBXBuildFile; fileRef = 15C1D5711CEA577400F9F4C1 /* FlicksTests.swift */; };
		15C1D57D1CEA577500F9F4C1 /* FlicksUITests.swift in Sources */ = {isa = PBXBuildFile; fileRef = 15C1D57C1CEA577500F9F4C1 /* FlicksUITests.swift */; };
/* End PBXBuildFile section */

/* Begin PBXContainerItemProxy section */
		15C1D56E1CEA577400F9F4C1 /* PBXContainerItemProxy */ = {
			isa = PBXContainerItemProxy;
			containerPortal = 15C1D5511CEA577200F9F4C1 /* Project object */;
			proxyType = 1;
			remoteGlobalIDString = 15C1D5581CEA577200F9F4C1;
			remoteInfo = Flicks;
		};
		15C1D5791CEA577500F9F4C1 /* PBXContainerItemProxy */ = {
			isa = PBXContainerItemProxy;
			containerPortal = 15C1D5511CEA577200F9F4C1 /* Project object */;
			proxyType = 1;
			remoteGlobalIDString = 15C1D5581CEA577200F9F4C1;
			remoteInfo = Flicks;
		};
/* End PBXContainerItemProxy section */

/* Begin PBXFileReference section */
		15C1D5591CEA577200F9F4C1 /* Flicks.app */ = {isa = PBXFileReference; explicitFileType = wrapper.application; includeInIndex = 0; path = Flicks.app; sourceTree = BUILT_PRODUCTS_DIR; };
		15C1D55C1CEA577300F9F4C1 /* AppDelegate.swift */ = {isa = PBXFileReference; lastKnownFileType = sourcecode.swift; path = AppDelegate.swift; sourceTree = "<group>"; };
		15C1D55E1CEA577400F9F4C1 /* ViewController.swift */ = {isa = PBXFileReference; lastKnownFileType = sourcecode.swift; path = ViewController.swift; sourceTree = "<group>"; };
		15C1D5611CEA577400F9F4C1 /* Base */ = {isa = PBXFileReference; lastKnownFileType = file.storyboard; name = Base; path = Base.lproj/Main.storyboard; sourceTree = "<group>"; };
		15C1D5631CEA577400F9F4C1 /* Assets.xcassets */ = {isa = PBXFileReference; lastKnownFileType = folder.assetcatalog; path = Assets.xcassets; sourceTree = "<group>"; };
		15C1D5661CEA577400F9F4C1 /* Base */ = {isa = PBXFileReference; lastKnownFileType = file.storyboard; name = Base; path = Base.lproj/LaunchScreen.storyboard; sourceTree = "<group>"; };
		15C1D5681CEA577400F9F4C1 /* Info.plist */ = {isa = PBXFileReference; lastKnownFileType = text.plist.xml; path = Info.plist; sourceTree = "<group>"; };
		15C1D56D1CEA577400F9F4C1 /* FlicksTests.xctest */ = {isa = PBXFileReference; explicitFileType = wrapper.cfbundle; includeInIndex = 0; path = FlicksTests.xctest; sourceTree = BUILT_PRODUCTS_DIR; };
		15C1D5711CEA577400F9F4C1 /* FlicksTests.swift */ = {isa = PBXFileReference; lastKnownFileType = sourcecode.swift; path = FlicksTests.swift; sourceTree = "<group>"; };
		15C1D5731CEA577400F9F4C1 /* Info.plist */ = {isa = PBXFileReference; lastKnownFileType = text.plist.xml; path = Info.plist; sourceTree = "<group>"; };
		15C1D5781CEA577400F9F4C1 /* FlicksUITests.xctest */ = {isa = PBXFileReference; explicitFileType = wrapper.cfbundle; includeInIndex = 0; path = FlicksUITests.xctest; sourceTree = BUILT_PRODUCTS_DIR; };
		15C1D57C1CEA577500F9F4C1 /* FlicksUITests.swift */ = {isa = PBXFileReference; lastKnownFileType = sourcecode.swift; path = FlicksUITests.swift; sourceTree = "<group>"; };
		15C1D57E1CEA577500F9F4C1 /* Info.plist */ = {isa = PBXFileReference; lastKnownFileType = text.plist.xml; path = Info.plist; sourceTree = "<group>"; };
/* End PBXFileReference section */

/* Begin PBXFrameworksBuildPhase section */
		15C1D5561CEA577200F9F4C1 /* Frameworks */ = {
			isa = PBXFrameworksBuildPhase;
			buildActionMask = 2147483647;
			files = (
			);
			runOnlyForDeploymentPostprocessing = 0;
		};
		15C1D56A1CEA577400F9F4C1 /* Frameworks */ = {
			isa = PBXFrameworksBuildPhase;
			buildActionMask = 2147483647;
			files = (
			);
			runOnlyForDeploymentPostprocessing = 0;
		};
		15C1D5751CEA577400F9F4C1 /* Frameworks */ = {
			isa = PBXFrameworksBuildPhase;
			buildActionMask = 2147483647;
			files = (
			);
			runOnlyForDeploymentPostprocessing = 0;
		};
/* End PBXFrameworksBuildPhase section */

/* Begin PBXGroup section */
		15C1D5501CEA577200F9F4C1 = {
			isa = PBXGroup;
			children = (
				15C1D55B1CEA577300F9F4C1 /* Flicks */,
				15C1D5701CEA577400F9F4C1 /* FlicksTests */,
				15C1D57B1CEA577500F9F4C1 /* FlicksUITests */,
				15C1D55A1CEA577200F9F4C1 /* Products */,
			);
			sourceTree = "<group>";
		};
		15C1D55A1CEA577200F9F4C1 /* Products */ = {
			isa = PBXGroup;
			children = (
				15C1D5591CEA577200F9F4C1 /* Flicks.app */,
				15C1D56D1CEA577400F9F4C1 /* FlicksTests.xctest */,
				15C1D5781CEA577400F9F4C1 /* FlicksUITests.xctest */,
			);
			name = Products;
			sourceTree = "<group>";
		};
		15C1D55B1CEA577300F9F4C1 /* Flicks */ = {
			isa = PBXGroup;
			children = (
				15C1D55C1CEA577300F9F4C1 /* AppDelegate.swift */,
				15C1D55E1CEA577400F9F4C1 /* ViewController.swift */,
				15C1D5601CEA577400F9F4C1 /* Main.storyboard */,
				15C1D5631CEA577400F9F4C1 /* Assets.xcassets */,
				15C1D5651CEA577400F9F4C1 /* LaunchScreen.storyboard */,
				15C1D5681CEA577400F9F4C1 /* Info.plist */,
			);
			path = Flicks;
			sourceTree = "<group>";
		};
		15C1D5701CEA577400F9F4C1 /* FlicksTests */ = {
			isa = PBXGroup;
			children = (
				15C1D5711CEA577400F9F4C1 /* FlicksTests.swift */,
				15C1D5731CEA577400F9F4C1 /* Info.plist */,
			);
			path = FlicksTests;
			sourceTree = "<group>";
		};
		15C1D57B1CEA577500F9F4C1 /* FlicksUITests */ = {
			isa = PBXGroup;
			children = (
				15C1D57C1CEA577500F9F4C1 /* FlicksUITests.swift */,
				15C1D57E1CEA577500F9F4C1 /* Info.plist */,
			);
			path = FlicksUITests;
			sourceTree = "<group>";
		};
/* End PBXGroup section */

/* Begin PBXNativeTarget section */
		15C1D5581CEA577200F9F4C1 /* Flicks */ = {
			isa = PBXNativeTarget;
			buildConfigurationList = 15C1D5811CEA577500F9F4C1 /* Build configuration list for PBXNativeTarget "Flicks" */;
			buildPhases = (
				15C1D5551CEA577200F9F4C1 /* Sources */,
				15C1D5561CEA577200F9F4C1 /* Frameworks */,
				15C1D5571CEA577200F9F4C1 /* Resources */,
			);
			buildRules = (
			);
			dependencies = (
			);
			name = Flicks;
			productName = Flicks;
			productReference = 15C1D5591CEA577200F9F4C1 /* Flicks.app */;
			productType = "com.apple.product-type.application";
		};
		15C1D56C1CEA577400F9F4C1 /* FlicksTests */ = {
			isa = PBXNativeTarget;
			buildConfigurationList = 15C1D5841CEA577500F9F4C1 /* Build configuration list for PBXNativeTarget "FlicksTests" */;
			buildPhases = (
				15C1D5691CEA577400F9F4C1 /* Sources */,
				15C1D56A1CEA577400F9F4C1 /* Frameworks */,
				15C1D56B1CEA577400F9F4C1 /* Resources */,
			);
			buildRules = (
			);
			dependencies = (
				15C1D56F1CEA577400F9F4C1 /* PBXTargetDependency */,
			);
			name = FlicksTests;
			productName = FlicksTests;
			productReference = 15C1D56D1CEA577400F9F4C1 /* FlicksTests.xctest */;
			productType = "com.apple.product-type.bundle.unit-test";
		};
		15C1D5771CEA577400F9F4C1 /* FlicksUITests */ = {
			isa = PBXNativeTarget;
			buildConfigurationList = 15C1D5871CEA577500F9F4C1 /* Build configuration list for PBXNativeTarget "FlicksUITests" */;
			buildPhases = (
				15C1D5741CEA577400F9F4C1 /* Sources */,
				15C1D5751CEA577400F9F4C1 /* Frameworks */,
				15C1D5761CEA577400F9F4C1 /* Resources */,
			);
			buildRules = (
			);
			dependencies = (
				15C1D57A1CEA577500F9F4C1 /* PBXTargetDependency */,
			);
			name = FlicksUITests;
			productName = FlicksUITests;
			productReference = 15C1D5781CEA577400F9F4C1 /* FlicksUITests.xctest */;
			productType = "com.apple.product-type.bundle.ui-testing";
		};
/* End PBXNativeTarget section */

/* Begin PBXProject section */
		15C1D5511CEA577200F9F4C1 /* Project object */ = {
			isa = PBXProject;
			attributes = {
				LastSwiftUpdateCheck = 0730;
				LastUpgradeCheck = 0730;
				ORGANIZATIONNAME = "Chris Wren";
				TargetAttributes = {
					15C1D5581CEA577200F9F4C1 = {
						CreatedOnToolsVersion = 7.3.1;
					};
					15C1D56C1CEA577400F9F4C1 = {
						CreatedOnToolsVersion = 7.3.1;
						TestTargetID = 15C1D5581CEA577200F9F4C1;
					};
					15C1D5771CEA577400F9F4C1 = {
						CreatedOnToolsVersion = 7.3.1;
						TestTargetID = 15C1D5581CEA577200F9F4C1;
					};
				};
			};
			buildConfigurationList = 15C1D5541CEA577200F9F4C1 /* Build configuration list for PBXProject "Flicks" */;
			compatibilityVersion = "Xcode 3.2";
			developmentRegion = English;
			hasScannedForEncodings = 0;
			knownRegions = (
				en,
				Base,
			);
			mainGroup = 15C1D5501CEA577200F9F4C1;
			productRefGroup = 15C1D55A1CEA577200F9F4C1 /* Products */;
			projectDirPath = "";
			projectRoot = "";
			targets = (
				15C1D5581CEA577200F9F4C1 /* Flicks */,
				15C1D56C1CEA577400F9F4C1 /* FlicksTests */,
				15C1D5771CEA577400F9F4C1 /* FlicksUITests */,
			);
		};
/* End PBXProject section */

/* Begin PBXResourcesBuildPhase section */
		15C1D5571CEA577200F9F4C1 /* Resources */ = {
			isa = PBXResourcesBuildPhase;
			buildActionMask = 2147483647;
			files = (
				15C1D5671CEA577400F9F4C1 /* LaunchScreen.storyboard in Resources */,
				15C1D5641CEA577400F9F4C1 /* Assets.xcassets in Resources */,
				15C1D5621CEA577400F9F4C1 /* Main.storyboard in Resources */,
			);
			runOnlyForDeploymentPostprocessing = 0;
		};
		15C1D56B1CEA577400F9F4C1 /* Resources */ = {
			isa = PBXResourcesBuildPhase;
			buildActionMask = 2147483647;
			files = (
			);
			runOnlyForDeploymentPostprocessing = 0;
		};
		15C1D5761CEA577400F9F4C1 /* Resources */ = {
			isa = PBXResourcesBuildPhase;
			buildActionMask = 2147483647;
			files = (
			);
			runOnlyForDeploymentPostprocessing = 0;
		};
/* End PBXResourcesBuildPhase section */

/* Begin PBXSourcesBuildPhase section */
		15C1D5551CEA577200F9F4C1 /* Sources */ = {
			isa = PBXSourcesBuildPhase;
			buildActionMask = 2147483647;
			files = (
				15C1D55F1CEA577400F9F4C1 /* ViewController.swift in Sources */,
				15C1D55D1CEA577300F9F4C1 /* AppDelegate.swift in Sources */,
			);
			runOnlyForDeploymentPostprocessing = 0;
		};
		15C1D5691CEA577400F9F4C1 /* Sources */ = {
			isa = PBXSourcesBuildPhase;
			buildActionMask = 2147483647;
			files = (
				15C1D5721CEA577400F9F4C1 /* FlicksTests.swift in Sources */,
			);
			runOnlyForDeploymentPostprocessing = 0;
		};
		15C1D5741CEA577400F9F4C1 /* Sources */ = {
			isa = PBXSourcesBuildPhase;
			buildActionMask = 2147483647;
			files = (
				15C1D57D1CEA577500F9F4C1 /* FlicksUITests.swift in Sources */,
			);
			runOnlyForDeploymentPostprocessing = 0;
		};
/* End PBXSourcesBuildPhase section */

/* Begin PBXTargetDependency section */
		15C1D56F1CEA577400F9F4C1 /* PBXTargetDependency */ = {
			isa = PBXTargetDependency;
			target = 15C1D5581CEA577200F9F4C1 /* Flicks */;
			targetProxy = 15C1D56E1CEA577400F9F4C1 /* PBXContainerItemProxy */;
		};
		15C1D57A1CEA577500F9F4C1 /* PBXTargetDependency */ = {
			isa = PBXTargetDependency;
			target = 15C1D5581CEA577200F9F4C1 /* Flicks */;
			targetProxy = 15C1D5791CEA577500F9F4C1 /* PBXContainerItemProxy */;
		};
/* End PBXTargetDependency section */

/* Begin PBXVariantGroup section */
		15C1D5601CEA577400F9F4C1 /* Main.storyboard */ = {
			isa = PBXVariantGroup;
			children = (
				15C1D5611CEA577400F9F4C1 /* Base */,
			);
			name = Main.storyboard;
			sourceTree = "<group>";
		};
		15C1D5651CEA577400F9F4C1 /* LaunchScreen.storyboard */ = {
			isa = PBXVariantGroup;
			children = (
				15C1D5661CEA577400F9F4C1 /* Base */,
			);
			name = LaunchScreen.storyboard;
			sourceTree = "<group>";
		};
/* End PBXVariantGroup section */

/* Begin XCBuildConfiguration section */
		15C1D57F1CEA577500F9F4C1 /* Debug */ = {
			isa = XCBuildConfiguration;
			buildSettings = {
				ALWAYS_SEARCH_USER_PATHS = NO;
				CLANG_ANALYZER_NONNULL = YES;
				CLANG_CXX_LANGUAGE_STANDARD = "gnu++0x";
				CLANG_CXX_LIBRARY = "libc++";
				CLANG_ENABLE_MODULES = YES;
				CLANG_ENABLE_OBJC_ARC = YES;
				CLANG_WARN_BOOL_CONVERSION = YES;
				CLANG_WARN_CONSTANT_CONVERSION = YES;
				CLANG_WARN_DIRECT_OBJC_ISA_USAGE = YES_ERROR;
				CLANG_WARN_EMPTY_BODY = YES;
				CLANG_WARN_ENUM_CONVERSION = YES;
				CLANG_WARN_INT_CONVERSION = YES;
				CLANG_WARN_OBJC_ROOT_CLASS = YES_ERROR;
				CLANG_WARN_UNREACHABLE_CODE = YES;
				CLANG_WARN__DUPLICATE_METHOD_MATCH = YES;
				"CODE_SIGN_IDENTITY[sdk=iphoneos*]" = "iPhone Developer";
				COPY_PHASE_STRIP = NO;
				DEBUG_INFORMATION_FORMAT = dwarf;
				ENABLE_STRICT_OBJC_MSGSEND = YES;
				ENABLE_TESTABILITY = YES;
				GCC_C_LANGUAGE_STANDARD = gnu99;
				GCC_DYNAMIC_NO_PIC = NO;
				GCC_NO_COMMON_BLOCKS = YES;
				GCC_OPTIMIZATION_LEVEL = 0;
				GCC_PREPROCESSOR_DEFINITIONS = (
					"DEBUG=1",
					"$(inherited)",
				);
				GCC_WARN_64_TO_32_BIT_CONVERSION = YES;
				GCC_WARN_ABOUT_RETURN_TYPE = YES_ERROR;
				GCC_WARN_UNDECLARED_SELECTOR = YES;
				GCC_WARN_UNINITIALIZED_AUTOS = YES_AGGRESSIVE;
				GCC_WARN_UNUSED_FUNCTION = YES;
				GCC_WARN_UNUSED_VARIABLE = YES;
				IPHONEOS_DEPLOYMENT_TARGET = 9.3;
				MTL_ENABLE_DEBUG_INFO = YES;
				ONLY_ACTIVE_ARCH = YES;
				SDKROOT = iphoneos;
				SWIFT_OPTIMIZATION_LEVEL = "-Onone";
				TARGETED_DEVICE_FAMILY = "1,2";
			};
			name = Debug;
		};
		15C1D5801CEA577500F9F4C1 /* Release */ = {
			isa = XCBuildConfiguration;
			buildSettings = {
				ALWAYS_SEARCH_USER_PATHS = NO;
				CLANG_ANALYZER_NONNULL = YES;
				CLANG_CXX_LANGUAGE_STANDARD = "gnu++0x";
				CLANG_CXX_LIBRARY = "libc++";
				CLANG_ENABLE_MODULES = YES;
				CLANG_ENABLE_OBJC_ARC = YES;
				CLANG_WARN_BOOL_CONVERSION = YES;
				CLANG_WARN_CONSTANT_CONVERSION = YES;
				CLANG_WARN_DIRECT_OBJC_ISA_USAGE = YES_ERROR;
				CLANG_WARN_EMPTY_BODY = YES;
				CLANG_WARN_ENUM_CONVERSION = YES;
				CLANG_WARN_INT_CONVERSION = YES;
				CLANG_WARN_OBJC_ROOT_CLASS = YES_ERROR;
				CLANG_WARN_UNREACHABLE_CODE = YES;
				CLANG_WARN__DUPLICATE_METHOD_MATCH = YES;
				"CODE_SIGN_IDENTITY[sdk=iphoneos*]" = "iPhone Developer";
				COPY_PHASE_STRIP = NO;
				DEBUG_INFORMATION_FORMAT = "dwarf-with-dsym";
				ENABLE_NS_ASSERTIONS = NO;
				ENABLE_STRICT_OBJC_MSGSEND = YES;
				GCC_C_LANGUAGE_STANDARD = gnu99;
				GCC_NO_COMMON_BLOCKS = YES;
				GCC_WARN_64_TO_32_BIT_CONVERSION = YES;
				GCC_WARN_ABOUT_RETURN_TYPE = YES_ERROR;
				GCC_WARN_UNDECLARED_SELECTOR = YES;
				GCC_WARN_UNINITIALIZED_AUTOS = YES_AGGRESSIVE;
				GCC_WARN_UNUSED_FUNCTION = YES;
				GCC_WARN_UNUSED_VARIABLE = YES;
				IPHONEOS_DEPLOYMENT_TARGET = 9.3;
				MTL_ENABLE_DEBUG_INFO = NO;
				SDKROOT = iphoneos;
				TARGETED_DEVICE_FAMILY = "1,2";
				VALIDATE_PRODUCT = YES;
			};
			name = Release;
		};
		15C1D5821CEA577500F9F4C1 /* Debug */ = {
			isa = XCBuildConfiguration;
			buildSettings = {
				ASSETCATALOG_COMPILER_APPICON_NAME = AppIcon;
				INFOPLIST_FILE = Flicks/Info.plist;
				LD_RUNPATH_SEARCH_PATHS = "$(inherited) @executable_path/Frameworks";
				PRODUCT_BUNDLE_IDENTIFIER = com.chriswrenprojects.Flicks;
				PRODUCT_NAME = "$(TARGET_NAME)";
			};
			name = Debug;
		};
		15C1D5831CEA577500F9F4C1 /* Release */ = {
			isa = XCBuildConfiguration;
			buildSettings = {
				ASSETCATALOG_COMPILER_APPICON_NAME = AppIcon;
				INFOPLIST_FILE = Flicks/Info.plist;
				LD_RUNPATH_SEARCH_PATHS = "$(inherited) @executable_path/Frameworks";
				PRODUCT_BUNDLE_IDENTIFIER = com.chriswrenprojects.Flicks;
				PRODUCT_NAME = "$(TARGET_NAME)";
			};
			name = Release;
		};
		15C1D5851CEA577500F9F4C1 /* Debug */ = {
			isa = XCBuildConfiguration;
			buildSettings = {
				BUNDLE_LOADER = "$(TEST_HOST)";
				INFOPLIST_FILE = FlicksTests/Info.plist;
				LD_RUNPATH_SEARCH_PATHS = "$(inherited) @executable_path/Frameworks @loader_path/Frameworks";
				PRODUCT_BUNDLE_IDENTIFIER = com.chriswrenprojects.FlicksTests;
				PRODUCT_NAME = "$(TARGET_NAME)";
				TEST_HOST = "$(BUILT_PRODUCTS_DIR)/Flicks.app/Flicks";
			};
			name = Debug;
		};
		15C1D5861CEA577500F9F4C1 /* Release */ = {
			isa = XCBuildConfiguration;
			buildSettings = {
				BUNDLE_LOADER = "$(TEST_HOST)";
				INFOPLIST_FILE = FlicksTests/Info.plist;
				LD_RUNPATH_SEARCH_PATHS = "$(inherited) @executable_path/Frameworks @loader_path/Frameworks";
				PRODUCT_BUNDLE_IDENTIFIER = com.chriswrenprojects.FlicksTests;
				PRODUCT_NAME = "$(TARGET_NAME)";
				TEST_HOST = "$(BUILT_PRODUCTS_DIR)/Flicks.app/Flicks";
			};
			name = Release;
		};
		15C1D5881CEA577500F9F4C1 /* Debug */ = {
			isa = XCBuildConfiguration;
			buildSettings = {
				INFOPLIST_FILE = FlicksUITests/Info.plist;
				LD_RUNPATH_SEARCH_PATHS = "$(inherited) @executable_path/Frameworks @loader_path/Frameworks";
				PRODUCT_BUNDLE_IDENTIFIER = com.chriswrenprojects.FlicksUITests;
				PRODUCT_NAME = "$(TARGET_NAME)";
				TEST_TARGET_NAME = Flicks;
			};
			name = Debug;
		};
		15C1D5891CEA577500F9F4C1 /* Release */ = {
			isa = XCBuildConfiguration;
			buildSettings = {
				INFOPLIST_FILE = FlicksUITests/Info.plist;
				LD_RUNPATH_SEARCH_PATHS = "$(inherited) @executable_path/Frameworks @loader_path/Frameworks";
				PRODUCT_BUNDLE_IDENTIFIER = com.chriswrenprojects.FlicksUITests;
				PRODUCT_NAME = "$(TARGET_NAME)";
				TEST_TARGET_NAME = Flicks;
			};
			name = Release;
		};
/* End XCBuildConfiguration section */

/* Begin XCConfigurationList section */
		15C1D5541CEA577200F9F4C1 /* Build configuration list for PBXProject "Flicks" */ = {
			isa = XCConfigurationList;
			buildConfigurations = (
				15C1D57F1CEA577500F9F4C1 /* Debug */,
				15C1D5801CEA577500F9F4C1 /* Release */,
			);
			defaultConfigurationIsVisible = 0;
			defaultConfigurationName = Release;
		};
		15C1D5811CEA577500F9F4C1 /* Build configuration list for PBXNativeTarget "Flicks" */ = {
			isa = XCConfigurationList;
			buildConfigurations = (
				15C1D5821CEA577500F9F4C1 /* Debug */,
				15C1D5831CEA577500F9F4C1 /* Release */,
			);
			defaultConfigurationIsVisible = 0;
		};
		15C1D5841CEA577500F9F4C1 /* Build configuration list for PBXNativeTarget "FlicksTests" */ = {
			isa = XCConfigurationList;
			buildConfigurations = (
				15C1D5851CEA577500F9F4C1 /* Debug */,
				15C1D5861CEA577500F9F4C1 /* Release */,
			);
			defaultConfigurationIsVisible = 0;
		};
		15C1D5871CEA577500F9F4C1 /* Build configuration list for PBXNativeTarget "FlicksUITests" */ = {
			isa = XCConfigurationList;
			buildConfigurations = (
				15C1D5881CEA577500F9F4C1 /* Debug */,
				15C1D5891CEA577500F9F4C1 /* Release */,
			);
			defaultConfigurationIsVisible = 0;
		};
/* End XCConfigurationList section */
	};
	rootObject = 15C1D5511CEA577200F9F4C1 /* Project object */;
}
